
Microsoft Visual Studio Solution File, Format Version 12.00
# Visual Studio Version 17
VisualStudioVersion = 17.14.36109.1
MinimumVisualStudioVersion = 10.0.40219.1
Project("{FAE04EC0-301F-11D3-BF4B-00C04F79EFBC}") = "Portfolio.Domain", "Portfolio.Domain\Portfolio.Domain.csproj", "{B9D6C8D4-25C0-4EC9-906F-734A91BC105F}"
EndProject
Project("{FAE04EC0-301F-11D3-BF4B-00C04F79EFBC}") = "Portfolio.Infrastructure", "Portfolio.Infrastructure\Portfolio.Infrastructure.csproj", "{4CB416D9-DEDB-4B77-88E8-4D4BA0315308}"
EndProject
Project("{FAE04EC0-301F-11D3-BF4B-00C04F79EFBC}") = "Portfolio.Application", "Portfolio.Application\Portfolio.Application.csproj", "{9A538C2F-8E73-4A21-B323-95F06127FF21}"
EndProject
Project("{FAE04EC0-301F-11D3-BF4B-00C04F79EFBC}") = "Portfolio.Tests", "Portfolio.Tests\Portfolio.Tests.csproj", "{7F3DB0FF-65E3-4A78-9B93-0AE0D5A6EB18}"
EndProject
Project("{FAE04EC0-301F-11D3-BF4B-00C04F79EFBC}") = "Portfolio.API", "Portfolio.API\Portfolio.API.csproj", "{DDF8E897-9209-9E5A-82C6-7783AD9B9722}"
	ProjectSection(ProjectDependencies) = postProject
		{4CB416D9-DEDB-4B77-88E8-4D4BA0315308} = {4CB416D9-DEDB-4B77-88E8-4D4BA0315308}
	EndProjectSection
EndProject
Global
	GlobalSection(SolutionConfigurationPlatforms) = preSolution
		Debug|Any CPU = Debug|Any CPU
		Release|Any CPU = Release|Any CPU
	EndGlobalSection
	GlobalSection(ProjectConfigurationPlatforms) = postSolution
		{B9D6C8D4-25C0-4EC9-906F-734A91BC105F}.Debug|Any CPU.ActiveCfg = Debug|Any CPU
		{B9D6C8D4-25C0-4EC9-906F-734A91BC105F}.Debug|Any CPU.Build.0 = Debug|Any CPU
		{B9D6C8D4-25C0-4EC9-906F-734A91BC105F}.Release|Any CPU.ActiveCfg = Release|Any CPU
		{B9D6C8D4-25C0-4EC9-906F-734A91BC105F}.Release|Any CPU.Build.0 = Release|Any CPU
		{4CB416D9-DEDB-4B77-88E8-4D4BA0315308}.Debug|Any CPU.ActiveCfg = Debug|Any CPU
		{4CB416D9-DEDB-4B77-88E8-4D4BA0315308}.Debug|Any CPU.Build.0 = Debug|Any CPU
		{4CB416D9-DEDB-4B77-88E8-4D4BA0315308}.Release|Any CPU.ActiveCfg = Release|Any CPU
		{4CB416D9-DEDB-4B77-88E8-4D4BA0315308}.Release|Any CPU.Build.0 = Release|Any CPU
		{9A538C2F-8E73-4A21-B323-95F06127FF21}.Debug|Any CPU.ActiveCfg = Debug|Any CPU
		{9A538C2F-8E73-4A21-B323-95F06127FF21}.Debug|Any CPU.Build.0 = Debug|Any CPU
		{9A538C2F-8E73-4A21-B323-95F06127FF21}.Release|Any CPU.ActiveCfg = Release|Any CPU
		{9A538C2F-8E73-4A21-B323-95F06127FF21}.Release|Any CPU.Build.0 = Release|Any CPU
		{7F3DB0FF-65E3-4A78-9B93-0AE0D5A6EB18}.Debug|Any CPU.ActiveCfg = Debug|Any CPU
		{7F3DB0FF-65E3-4A78-9B93-0AE0D5A6EB18}.Debug|Any CPU.Build.0 = Debug|Any CPU
		{7F3DB0FF-65E3-4A78-9B93-0AE0D5A6EB18}.Release|Any CPU.ActiveCfg = Release|Any CPU
		{7F3DB0FF-65E3-4A78-9B93-0AE0D5A6EB18}.Release|Any CPU.Build.0 = Release|Any CPU
		{DDF8E897-9209-9E5A-82C6-7783AD9B9722}.Debug|Any CPU.ActiveCfg = Debug|Any CPU
		{DDF8E897-9209-9E5A-82C6-7783AD9B9722}.Debug|Any CPU.Build.0 = Debug|Any CPU
		{DDF8E897-9209-9E5A-82C6-7783AD9B9722}.Release|Any CPU.ActiveCfg = Release|Any CPU
		{DDF8E897-9209-9E5A-82C6-7783AD9B9722}.Release|Any CPU.Build.0 = Release|Any CPU
	EndGlobalSection
	GlobalSection(SolutionProperties) = preSolution
		HideSolutionNode = FALSE
	EndGlobalSection
	GlobalSection(ExtensibilityGlobals) = postSolution
		SolutionGuid = {6FCA3391-D36F-4C9B-A8C0-E0362ED692F5}
	EndGlobalSection
EndGlobal
