
Microsoft Visual Studio Solution File, Format Version 12.00
# Visual Studio Version 17
VisualStudioVersion = 17.14.36202.13
MinimumVisualStudioVersion = 10.0.40219.1
Project("{FAE04EC0-301F-11D3-BF4B-00C04F79EFBC}") = "Portfolio.Domain", "Portfolio.Domain\Portfolio.Domain.csproj", "{CD3C58B7-440E-4AB5-8C79-B364564111F3}"
EndProject
Project("{FAE04EC0-301F-11D3-BF4B-00C04F79EFBC}") = "Portfolio.Application", "Portfolio.Application\Portfolio.Application.csproj", "{205BDA5D-33BC-40F2-A805-93AA8CE53E91}"
EndProject
Project("{FAE04EC0-301F-11D3-BF4B-00C04F79EFBC}") = "Portfolio.Infrastructure", "Portfolio.Infrastructure\Portfolio.Infrastructure.csproj", "{202CC06A-7506-4E12-B4D2-30A9F2BB3DF2}"
EndProject
Project("{FAE04EC0-301F-11D3-BF4B-00C04F79EFBC}") = "Portfolio.Tests", "Portfolio.Tests\Portfolio.Tests.csproj", "{9FE2D153-C823-498A-B13D-37EB24B938B8}"
EndProject
Project("{FAE04EC0-301F-11D3-BF4B-00C04F79EFBC}") = "Portfolio.API", "Portfolio.API\Portfolio.API.csproj", "{1C03CBCA-BC43-4016-9698-EF51FE0E1E14}"
EndProject
Global
	GlobalSection(SolutionConfigurationPlatforms) = preSolution
		Debug|Any CPU = Debug|Any CPU
		Release|Any CPU = Release|Any CPU
	EndGlobalSection
	GlobalSection(ProjectConfigurationPlatforms) = postSolution
		{CD3C58B7-440E-4AB5-8C79-B364564111F3}.Debug|Any CPU.ActiveCfg = Debug|Any CPU
		{CD3C58B7-440E-4AB5-8C79-B364564111F3}.Debug|Any CPU.Build.0 = Debug|Any CPU
		{CD3C58B7-440E-4AB5-8C79-B364564111F3}.Release|Any CPU.ActiveCfg = Release|Any CPU
		{CD3C58B7-440E-4AB5-8C79-B364564111F3}.Release|Any CPU.Build.0 = Release|Any CPU
		{205BDA5D-33BC-40F2-A805-93AA8CE53E91}.Debug|Any CPU.ActiveCfg = Debug|Any CPU
		{205BDA5D-33BC-40F2-A805-93AA8CE53E91}.Debug|Any CPU.Build.0 = Debug|Any CPU
		{205BDA5D-33BC-40F2-A805-93AA8CE53E91}.Release|Any CPU.ActiveCfg = Release|Any CPU
		{205BDA5D-33BC-40F2-A805-93AA8CE53E91}.Release|Any CPU.Build.0 = Release|Any CPU
		{202CC06A-7506-4E12-B4D2-30A9F2BB3DF2}.Debug|Any CPU.ActiveCfg = Debug|Any CPU
		{202CC06A-7506-4E12-B4D2-30A9F2BB3DF2}.Debug|Any CPU.Build.0 = Debug|Any CPU
		{202CC06A-7506-4E12-B4D2-30A9F2BB3DF2}.Release|Any CPU.ActiveCfg = Release|Any CPU
		{202CC06A-7506-4E12-B4D2-30A9F2BB3DF2}.Release|Any CPU.Build.0 = Release|Any CPU
		{9FE2D153-C823-498A-B13D-37EB24B938B8}.Debug|Any CPU.ActiveCfg = Debug|Any CPU
		{9FE2D153-C823-498A-B13D-37EB24B938B8}.Debug|Any CPU.Build.0 = Debug|Any CPU
		{9FE2D153-C823-498A-B13D-37EB24B938B8}.Release|Any CPU.ActiveCfg = Release|Any CPU
		{9FE2D153-C823-498A-B13D-37EB24B938B8}.Release|Any CPU.Build.0 = Release|Any CPU
		{1C03CBCA-BC43-4016-9698-EF51FE0E1E14}.Debug|Any CPU.ActiveCfg = Debug|Any CPU
		{1C03CBCA-BC43-4016-9698-EF51FE0E1E14}.Debug|Any CPU.Build.0 = Debug|Any CPU
		{1C03CBCA-BC43-4016-9698-EF51FE0E1E14}.Release|Any CPU.ActiveCfg = Release|Any CPU
		{1C03CBCA-BC43-4016-9698-EF51FE0E1E14}.Release|Any CPU.Build.0 = Release|Any CPU
	EndGlobalSection
	GlobalSection(SolutionProperties) = preSolution
		HideSolutionNode = FALSE
	EndGlobalSection
	GlobalSection(ExtensibilityGlobals) = postSolution
		SolutionGuid = {B255AF59-41CE-46D1-9D55-289ACF6932E9}
	EndGlobalSection
EndGlobal
