
Microsoft Visual Studio Solution File, Format Version 12.00
# Visual Studio Version 17
VisualStudioVersion = 17.14.36202.13
MinimumVisualStudioVersion = 10.0.40219.1
Project("{FAE04EC0-301F-11D3-BF4B-00C04F79EFBC}") = "Portfolio.API", "src\Portfolio.API\Portfolio.API.csproj", "{617F09E0-D935-AAAE-6B9A-6FE471443FD4}"
EndProject
Project("{FAE04EC0-301F-11D3-BF4B-00C04F79EFBC}") = "Portfolio.Domain", "src\Portfolio.Domain\Portfolio.Domain.csproj", "{B1BED28F-F6CC-AFCC-30B3-EC54DEF9B367}"
EndProject
Project("{FAE04EC0-301F-11D3-BF4B-00C04F79EFBC}") = "Portfolio.Infrastructure", "src\Portfolio.Infrastructure\Portfolio.Infrastructure.csproj", "{CD5DADC7-EB44-4EB9-B134-AA20C878F8E3}"
EndProject
Project("{FAE04EC0-301F-11D3-BF4B-00C04F79EFBC}") = "Portfolio.Application", "src\Portfolio.Application\Portfolio.Application.csproj", "{D5EB557D-2674-D55B-00C4-E75BB78A8ED5}"
EndProject
Project("{FAE04EC0-301F-11D3-BF4B-00C04F79EFBC}") = "Portfolio.UnitiTests", "tests\Portfolio.UnitiTests\Portfolio.UnitiTests.csproj", "{FF06D7E6-87A2-4186-98B3-E73FC6F2702C}"
EndProject
Project("{FAE04EC0-301F-11D3-BF4B-00C04F79EFBC}") = "Portfolio.IntegrationTests", "Portfolio.IntegrationTests\Portfolio.IntegrationTests.csproj", "{3E0B2958-E750-45A5-9394-14755F822E60}"
EndProject
Global
	GlobalSection(SolutionConfigurationPlatforms) = preSolution
		Debug|Any CPU = Debug|Any CPU
		Release|Any CPU = Release|Any CPU
	EndGlobalSection
	GlobalSection(ProjectConfigurationPlatforms) = postSolution
		{617F09E0-D935-AAAE-6B9A-6FE471443FD4}.Debug|Any CPU.ActiveCfg = Debug|Any CPU
		{617F09E0-D935-AAAE-6B9A-6FE471443FD4}.Debug|Any CPU.Build.0 = Debug|Any CPU
		{617F09E0-D935-AAAE-6B9A-6FE471443FD4}.Release|Any CPU.ActiveCfg = Release|Any CPU
		{617F09E0-D935-AAAE-6B9A-6FE471443FD4}.Release|Any CPU.Build.0 = Release|Any CPU
		{B1BED28F-F6CC-AFCC-30B3-EC54DEF9B367}.Debug|Any CPU.ActiveCfg = Debug|Any CPU
		{B1BED28F-F6CC-AFCC-30B3-EC54DEF9B367}.Debug|Any CPU.Build.0 = Debug|Any CPU
		{B1BED28F-F6CC-AFCC-30B3-EC54DEF9B367}.Release|Any CPU.ActiveCfg = Release|Any CPU
		{B1BED28F-F6CC-AFCC-30B3-EC54DEF9B367}.Release|Any CPU.Build.0 = Release|Any CPU
		{CD5DADC7-EB44-4EB9-B134-AA20C878F8E3}.Debug|Any CPU.ActiveCfg = Debug|Any CPU
		{CD5DADC7-EB44-4EB9-B134-AA20C878F8E3}.Debug|Any CPU.Build.0 = Debug|Any CPU
		{CD5DADC7-EB44-4EB9-B134-AA20C878F8E3}.Release|Any CPU.ActiveCfg = Release|Any CPU
		{CD5DADC7-EB44-4EB9-B134-AA20C878F8E3}.Release|Any CPU.Build.0 = Release|Any CPU
		{D5EB557D-2674-D55B-00C4-E75BB78A8ED5}.Debug|Any CPU.ActiveCfg = Debug|Any CPU
		{D5EB557D-2674-D55B-00C4-E75BB78A8ED5}.Debug|Any CPU.Build.0 = Debug|Any CPU
		{D5EB557D-2674-D55B-00C4-E75BB78A8ED5}.Release|Any CPU.ActiveCfg = Release|Any CPU
		{D5EB557D-2674-D55B-00C4-E75BB78A8ED5}.Release|Any CPU.Build.0 = Release|Any CPU
		{FF06D7E6-87A2-4186-98B3-E73FC6F2702C}.Debug|Any CPU.ActiveCfg = Debug|Any CPU
		{FF06D7E6-87A2-4186-98B3-E73FC6F2702C}.Debug|Any CPU.Build.0 = Debug|Any CPU
		{FF06D7E6-87A2-4186-98B3-E73FC6F2702C}.Release|Any CPU.ActiveCfg = Release|Any CPU
		{FF06D7E6-87A2-4186-98B3-E73FC6F2702C}.Release|Any CPU.Build.0 = Release|Any CPU
		{3E0B2958-E750-45A5-9394-14755F822E60}.Debug|Any CPU.ActiveCfg = Debug|Any CPU
		{3E0B2958-E750-45A5-9394-14755F822E60}.Debug|Any CPU.Build.0 = Debug|Any CPU
		{3E0B2958-E750-45A5-9394-14755F822E60}.Release|Any CPU.ActiveCfg = Release|Any CPU
		{3E0B2958-E750-45A5-9394-14755F822E60}.Release|Any CPU.Build.0 = Release|Any CPU
	EndGlobalSection
	GlobalSection(SolutionProperties) = preSolution
		HideSolutionNode = FALSE
	EndGlobalSection
	GlobalSection(ExtensibilityGlobals) = postSolution
		SolutionGuid = {B255AF59-41CE-46D1-9D55-289ACF6932E9}
	EndGlobalSection
EndGlobal
